
Microsoft Visual Studio Solution File, Format Version 12.00
# Visual Studio Version 16
VisualStudioVersion = 16.0.810.17
MinimumVisualStudioVersion = 10.0.40219.1
Project("{FAE04EC0-301F-11D3-BF4B-00C04F79EFBC}") = "WaterProject", "WaterProject\WaterProject.csproj", "{FD09B9FD-E9CA-4DBE-83B9-F6B7C625E867}"
EndProject
Global
	GlobalSection(SolutionConfigurationPlatforms) = preSolution
		Debug|Any CPU = Debug|Any CPU
		Release|Any CPU = Release|Any CPU
	EndGlobalSection
	GlobalSection(ProjectConfigurationPlatforms) = postSolution
		{FD09B9FD-E9CA-4DBE-83B9-F6B7C625E867}.Debug|Any CPU.ActiveCfg = Debug|Any CPU
		{FD09B9FD-E9CA-4DBE-83B9-F6B7C625E867}.Debug|Any CPU.Build.0 = Debug|Any CPU
		{FD09B9FD-E9CA-4DBE-83B9-F6B7C625E867}.Release|Any CPU.ActiveCfg = Release|Any CPU
		{FD09B9FD-E9CA-4DBE-83B9-F6B7C625E867}.Release|Any CPU.Build.0 = Release|Any CPU
	EndGlobalSection
	GlobalSection(SolutionProperties) = preSolution
		HideSolutionNode = FALSE
	EndGlobalSection
	GlobalSection(ExtensibilityGlobals) = postSolution
		SolutionGuid = {D21F2524-B950-49E3-8ABB-A98BC030CDC9}
	EndGlobalSection
EndGlobal
